
Microsoft Visual Studio Solution File, Format Version 12.00
# Visual Studio Version 17
VisualStudioVersion = 17.14.36408.4
MinimumVisualStudioVersion = 10.0.40219.1
Project("{FAE04EC0-301F-11D3-BF4B-00C04F79EFBC}") = "MarysCandyShop", "MarysCandyShop\MarysCandyShop.csproj", "{24A7FE72-B385-48BE-A2FF-38F3D14485FC}"
EndProject
Project("{FAE04EC0-301F-11D3-BF4B-00C04F79EFBC}") = "MarysCandyShop.UnitTest", "MarysCandyShop.UnitTest\MarysCandyShop.UnitTest.csproj", "{471CB5DB-0E29-44DD-862A-3B2BB744AD1E}"
EndProject
Global
	GlobalSection(SolutionConfigurationPlatforms) = preSolution
		Debug|Any CPU = Debug|Any CPU
		Release|Any CPU = Release|Any CPU
	EndGlobalSection
	GlobalSection(ProjectConfigurationPlatforms) = postSolution
		{24A7FE72-B385-48BE-A2FF-38F3D14485FC}.Debug|Any CPU.ActiveCfg = Debug|Any CPU
		{24A7FE72-B385-48BE-A2FF-38F3D14485FC}.Debug|Any CPU.Build.0 = Debug|Any CPU
		{24A7FE72-B385-48BE-A2FF-38F3D14485FC}.Release|Any CPU.ActiveCfg = Release|Any CPU
		{24A7FE72-B385-48BE-A2FF-38F3D14485FC}.Release|Any CPU.Build.0 = Release|Any CPU
		{471CB5DB-0E29-44DD-862A-3B2BB744AD1E}.Debug|Any CPU.ActiveCfg = Debug|Any CPU
		{471CB5DB-0E29-44DD-862A-3B2BB744AD1E}.Debug|Any CPU.Build.0 = Debug|Any CPU
		{471CB5DB-0E29-44DD-862A-3B2BB744AD1E}.Release|Any CPU.ActiveCfg = Release|Any CPU
		{471CB5DB-0E29-44DD-862A-3B2BB744AD1E}.Release|Any CPU.Build.0 = Release|Any CPU
	EndGlobalSection
	GlobalSection(SolutionProperties) = preSolution
		HideSolutionNode = FALSE
	EndGlobalSection
	GlobalSection(ExtensibilityGlobals) = postSolution
		SolutionGuid = {0E69499D-7B56-4C42-AC67-ADDB111E874C}
	EndGlobalSection
EndGlobal
